{
  "name": "healthsystems",
  "lockfileVersion": 3,
  "requires": true,
  "packages": {
    "": {
      "dependencies": {
        "cloc": "^2.6.0-cloc",
        "start": "^5.1.0"
      }
    },
    "node_modules/cloc": {
      "version": "2.6.0-cloc",
      "resolved": "https://registry.npmjs.org/cloc/-/cloc-2.6.0-cloc.tgz",
      "integrity": "sha512-fCHPvFN6I7WmC005u99WqLxqWnWhEra0YCppc2k8lpRZrPFIEaHaNxgJ+funlSRIZMSIOqxwpt7pmEKDPFCz2g==",
      "license": "GPL-2.0",
      "bin": {
        "cloc": "lib/cloc"
      }
    },
    "node_modules/start": {
      "version": "5.1.0",
      "resolved": "https://registry.npmjs.org/start/-/start-5.1.0.tgz",
      "integrity": "sha512-lirwWQmvBC65bnxU3HzKx5m7vfZJZTx/FrKyPWbtobcvujGbinQQRrNodtcgkp4mTZ00umzDeg7lraN351l0aA==",
      "deprecated": "Deprecated in favor of https://github.com/deepsweet/start",
      "license": "MIT",
      "engines": {
        "node": ">=4"
      }
    }
  }
}
